
Microsoft Visual Studio Solution File, Format Version 12.00
# Visual Studio Version 16
VisualStudioVersion = 16.0.29306.81
MinimumVisualStudioVersion = 10.0.40219.1
Project("{FAE04EC0-301F-11D3-BF4B-00C04F79EFBC}") = "OSS.Core.AdminUI", "OSS.Core.AdminUI\OSS.Core.AdminUI.csproj", "{A1A5FF32-471C-431B-A67A-EEF8649DF353}"
EndProject
Global
	GlobalSection(SolutionConfigurationPlatforms) = preSolution
		Debug|Any CPU = Debug|Any CPU
		Release|Any CPU = Release|Any CPU
	EndGlobalSection
	GlobalSection(ProjectConfigurationPlatforms) = postSolution
		{A1A5FF32-471C-431B-A67A-EEF8649DF353}.Debug|Any CPU.ActiveCfg = Debug|Any CPU
		{A1A5FF32-471C-431B-A67A-EEF8649DF353}.Debug|Any CPU.Build.0 = Debug|Any CPU
		{A1A5FF32-471C-431B-A67A-EEF8649DF353}.Release|Any CPU.ActiveCfg = Release|Any CPU
		{A1A5FF32-471C-431B-A67A-EEF8649DF353}.Release|Any CPU.Build.0 = Release|Any CPU
	EndGlobalSection
	GlobalSection(SolutionProperties) = preSolution
		HideSolutionNode = FALSE
	EndGlobalSection
	GlobalSection(ExtensibilityGlobals) = postSolution
		SolutionGuid = {1E031CFB-3FF5-4D89-9F75-854607B7E329}
	EndGlobalSection
EndGlobal
